
Microsoft Visual Studio Solution File, Format Version 12.00
# Visual Studio Version 17
VisualStudioVersion = 17.2.32630.192
MinimumVisualStudioVersion = 10.0.40219.1
Project("{FAE04EC0-301F-11D3-BF4B-00C04F79EFBC}") = "GoturWebApp", "GoturWebApp\GoturWebApp.csproj", "{80160758-5290-4A1A-A741-3B9B5EF43F11}"
EndProject
Global
	GlobalSection(SolutionConfigurationPlatforms) = preSolution
		Debug|Any CPU = Debug|Any CPU
		Release|Any CPU = Release|Any CPU
	EndGlobalSection
	GlobalSection(ProjectConfigurationPlatforms) = postSolution
		{80160758-5290-4A1A-A741-3B9B5EF43F11}.Debug|Any CPU.ActiveCfg = Debug|Any CPU
		{80160758-5290-4A1A-A741-3B9B5EF43F11}.Debug|Any CPU.Build.0 = Debug|Any CPU
		{80160758-5290-4A1A-A741-3B9B5EF43F11}.Release|Any CPU.ActiveCfg = Release|Any CPU
		{80160758-5290-4A1A-A741-3B9B5EF43F11}.Release|Any CPU.Build.0 = Release|Any CPU
	EndGlobalSection
	GlobalSection(SolutionProperties) = preSolution
		HideSolutionNode = FALSE
	EndGlobalSection
	GlobalSection(ExtensibilityGlobals) = postSolution
		SolutionGuid = {E7E6BF8B-86A3-42B5-9C78-F37C865C4D89}
	EndGlobalSection
EndGlobal
